prepare:
  cmd: python ./Code/prepare.py ./Data/PMEmo2019/songs ./Data/PMEmo2019/songs_wav
  deps:
  - path: ./Code/prepare.py
    md5: b7448900b1f99707b73624182636b669
  - path: ./Data/PMEmo2019/songs
    md5: 7ffae63872f5dd0c2385b931b1c1c83a.dir
  outs:
  - path: ./Data/PMEmo2019/songs_wav
    md5: e365883a766af9d209a4268c6daaa32c.dir
featurize:
  cmd: python ./Code/featurize.py ./Data/PMEmo2019/songs_wav ./Data/PMEmo2019/features/static_features.csv
  deps:
  - path: ./Code/featurize.py
    md5: 8423b9f8700af33fb967e679e766bbeb
  - path: ./Data/PMEmo2019/songs_wav
    md5: e365883a766af9d209a4268c6daaa32c.dir
  outs:
  - path: ./Data/PMEmo2019/features/static_features.csv
    md5: ec4123dfd06d7b034b6c6ef7d7f31843
split_data:
  cmd: python ./Code/split_data.py ./Data/PMEmo2019/features/static_features.csv ./Data/PMEmo2019/annotations/static_annotations.csv
  deps:
  - path: ./Code/split_data.py
    md5: c5165b42029863963ce42a91c9b6031d
  - path: ./Data/PMEmo2019/annotations/static_annotations.csv
    md5: 742be2e6aeeb16396d09b7f5eff47bdc
  - path: ./Data/PMEmo2019/features/static_features.csv
    md5: ec4123dfd06d7b034b6c6ef7d7f31843
  outs:
  - path: ./Data/PMEmo2019/prepared/x_test.pkl
    md5: b462536fea0e65291ceedeaae81c12c3
  - path: ./Data/PMEmo2019/prepared/x_train.pkl
    md5: b21f2d7967ae1e6bd1c8be14dcc9bffa
  - path: ./Data/PMEmo2019/prepared/y_test.pkl
    md5: e69b668db26e08d84d590044470fed09
  - path: ./Data/PMEmo2019/prepared/y_train.pkl
    md5: 0edfec943ca2d73146f1780c211b36ef
train:
  cmd: python ./Code/train.py
  deps:
  - path: ./Code/train.py
    md5: b05ce71fcbbe3c0e34531b9a2c8beb27
  - path: ./Data/PMEmo2019/prepared/x_test.pkl
    md5: b462536fea0e65291ceedeaae81c12c3
  - path: ./Data/PMEmo2019/prepared/x_train.pkl
    md5: b21f2d7967ae1e6bd1c8be14dcc9bffa
  - path: ./Data/PMEmo2019/prepared/y_test.pkl
    md5: e69b668db26e08d84d590044470fed09
  - path: ./Data/PMEmo2019/prepared/y_train.pkl
    md5: 0edfec943ca2d73146f1780c211b36ef
  params:
    params.yaml:
      train.max_depth: 100
      train.n_estimators: 10
  outs:
  - path: ./Modeling/model.pkl
    md5: 00b4f2126fd7e8a9bef7e6e2d9bd737a
evaluate:
  cmd: python ./Code/evaluate.py ./Metrics/metrics.json
  deps:
  - path: ./Code/evaluate.py
    md5: d5df3d5ce1e34a11325ef12cc5d384f1
  - path: ./Data/PMEmo2019/prepared/x_test.pkl
    md5: b462536fea0e65291ceedeaae81c12c3
  - path: ./Data/PMEmo2019/prepared/y_test.pkl
    md5: e69b668db26e08d84d590044470fed09
  - path: ./Modeling/model.pkl
    md5: 00b4f2126fd7e8a9bef7e6e2d9bd737a
  outs:
  - path: ./Metrics/metrics.json
    md5: 9c591a18f68c12c3dfac97bd46bf483c
